
Microsoft Visual Studio Solution File, Format Version 12.00
# Visual Studio Version 16
VisualStudioVersion = 16.0.30320.27
MinimumVisualStudioVersion = 10.0.40219.1
Project("{D954291E-2A0B-460D-934E-DC6B0785DB48}") = "UnexpectedApisDemo.Shared", "UnexpectedApisDemo.Shared\UnexpectedApisDemo.Shared.shproj", "{6279C845-92F8-4333-AB99-3D213163593C}"
EndProject
Project("{FAE04EC0-301F-11D3-BF4B-00C04F79EFBC}") = "UnexpectedApisDemo.Droid", "UnexpectedApisDemo.Droid\UnexpectedApisDemo.Droid.csproj", "{ED1D793C-91C4-4D55-A221-03A3FF2CA61F}"
EndProject
Project("{FAE04EC0-301F-11D3-BF4B-00C04F79EFBC}") = "UnexpectedApisDemo.iOS", "UnexpectedApisDemo.iOS\UnexpectedApisDemo.iOS.csproj", "{05835682-1045-427A-8E38-02F3CA629E59}"
EndProject
Project("{FAE04EC0-301F-11D3-BF4B-00C04F79EFBC}") = "UnexpectedApisDemo.UWP", "UnexpectedApisDemo.UWP\UnexpectedApisDemo.UWP.csproj", "{55720CAE-3638-487D-B57E-33D3563F7F91}"
EndProject
Project("{FAE04EC0-301F-11D3-BF4B-00C04F79EFBC}") = "UnexpectedApisDemo.Wasm", "UnexpectedApisDemo.Wasm\UnexpectedApisDemo.Wasm.csproj", "{8D7E4E97-26EC-4565-A4DA-2F2B2026F1C9}"
EndProject
Project("{FAE04EC0-301F-11D3-BF4B-00C04F79EFBC}") = "UnexpectedApisDemo.macOS", "UnexpectedApisDemo.macOS\UnexpectedApisDemo.macOS.csproj", "{BE952161-F1F3-4E4E-9ED6-EF921DA3742D}"
EndProject
Global
	GlobalSection(SharedMSBuildProjectFiles) = preSolution
		UnexpectedApisDemo.Shared\UnexpectedApisDemo.Shared.projitems*{05835682-1045-427a-8e38-02f3ca629e59}*SharedItemsImports = 4
		UnexpectedApisDemo.Shared\UnexpectedApisDemo.Shared.projitems*{55720cae-3638-487d-b57e-33d3563f7f91}*SharedItemsImports = 4
		UnexpectedApisDemo.Shared\UnexpectedApisDemo.Shared.projitems*{6279c845-92f8-4333-ab99-3d213163593c}*SharedItemsImports = 13
		UnexpectedApisDemo.Shared\UnexpectedApisDemo.Shared.projitems*{8d7e4e97-26ec-4565-a4da-2f2b2026f1c9}*SharedItemsImports = 5
		UnexpectedApisDemo.Shared\UnexpectedApisDemo.Shared.projitems*{be952161-f1f3-4e4e-9ed6-ef921da3742d}*SharedItemsImports = 4
		UnexpectedApisDemo.Shared\UnexpectedApisDemo.Shared.projitems*{ed1d793c-91c4-4d55-a221-03a3ff2ca61f}*SharedItemsImports = 4
	EndGlobalSection
	GlobalSection(SolutionConfigurationPlatforms) = preSolution
		Ad-Hoc|Any CPU = Ad-Hoc|Any CPU
		Ad-Hoc|ARM = Ad-Hoc|ARM
		Ad-Hoc|ARM64 = Ad-Hoc|ARM64
		Ad-Hoc|iPhone = Ad-Hoc|iPhone
		Ad-Hoc|iPhoneSimulator = Ad-Hoc|iPhoneSimulator
		Ad-Hoc|x64 = Ad-Hoc|x64
		Ad-Hoc|x86 = Ad-Hoc|x86
		AppStore|Any CPU = AppStore|Any CPU
		AppStore|ARM = AppStore|ARM
		AppStore|ARM64 = AppStore|ARM64
		AppStore|iPhone = AppStore|iPhone
		AppStore|iPhoneSimulator = AppStore|iPhoneSimulator
		AppStore|x64 = AppStore|x64
		AppStore|x86 = AppStore|x86
		Debug|Any CPU = Debug|Any CPU
		Debug|ARM = Debug|ARM
		Debug|ARM64 = Debug|ARM64
		Debug|iPhone = Debug|iPhone
		Debug|iPhoneSimulator = Debug|iPhoneSimulator
		Debug|x64 = Debug|x64
		Debug|x86 = Debug|x86
		Release|Any CPU = Release|Any CPU
		Release|ARM = Release|ARM
		Release|ARM64 = Release|ARM64
		Release|iPhone = Release|iPhone
		Release|iPhoneSimulator = Release|iPhoneSimulator
		Release|x64 = Release|x64
		Release|x86 = Release|x86
	EndGlobalSection
	GlobalSection(ProjectConfigurationPlatforms) = postSolution
		{ED1D793C-91C4-4D55-A221-03A3FF2CA61F}.Ad-Hoc|Any CPU.ActiveCfg = Release|Any CPU
		{ED1D793C-91C4-4D55-A221-03A3FF2CA61F}.Ad-Hoc|Any CPU.Build.0 = Release|Any CPU
		{ED1D793C-91C4-4D55-A221-03A3FF2CA61F}.Ad-Hoc|Any CPU.Deploy.0 = Release|Any CPU
		{ED1D793C-91C4-4D55-A221-03A3FF2CA61F}.Ad-Hoc|ARM.ActiveCfg = Release|Any CPU
		{ED1D793C-91C4-4D55-A221-03A3FF2CA61F}.Ad-Hoc|ARM.Build.0 = Release|Any CPU
		{ED1D793C-91C4-4D55-A221-03A3FF2CA61F}.Ad-Hoc|ARM.Deploy.0 = Release|Any CPU
		{ED1D793C-91C4-4D55-A221-03A3FF2CA61F}.Ad-Hoc|ARM64.ActiveCfg = Release|Any CPU
		{ED1D793C-91C4-4D55-A221-03A3FF2CA61F}.Ad-Hoc|ARM64.Build.0 = Release|Any CPU
		{ED1D793C-91C4-4D55-A221-03A3FF2CA61F}.Ad-Hoc|ARM64.Deploy.0 = Release|Any CPU
		{ED1D793C-91C4-4D55-A221-03A3FF2CA61F}.Ad-Hoc|iPhone.ActiveCfg = Release|Any CPU
		{ED1D793C-91C4-4D55-A221-03A3FF2CA61F}.Ad-Hoc|iPhone.Build.0 = Release|Any CPU
		{ED1D793C-91C4-4D55-A221-03A3FF2CA61F}.Ad-Hoc|iPhone.Deploy.0 = Release|Any CPU
		{ED1D793C-91C4-4D55-A221-03A3FF2CA61F}.Ad-Hoc|iPhoneSimulator.ActiveCfg = Release|Any CPU
		{ED1D793C-91C4-4D55-A221-03A3FF2CA61F}.Ad-Hoc|iPhoneSimulator.Build.0 = Release|Any CPU
		{ED1D793C-91C4-4D55-A221-03A3FF2CA61F}.Ad-Hoc|iPhoneSimulator.Deploy.0 = Release|Any CPU
		{ED1D793C-91C4-4D55-A221-03A3FF2CA61F}.Ad-Hoc|x64.ActiveCfg = Release|Any CPU
		{ED1D793C-91C4-4D55-A221-03A3FF2CA61F}.Ad-Hoc|x64.Build.0 = Release|Any CPU
		{ED1D793C-91C4-4D55-A221-03A3FF2CA61F}.Ad-Hoc|x64.Deploy.0 = Release|Any CPU
		{ED1D793C-91C4-4D55-A221-03A3FF2CA61F}.Ad-Hoc|x86.ActiveCfg = Release|Any CPU
		{ED1D793C-91C4-4D55-A221-03A3FF2CA61F}.Ad-Hoc|x86.Build.0 = Release|Any CPU
		{ED1D793C-91C4-4D55-A221-03A3FF2CA61F}.Ad-Hoc|x86.Deploy.0 = Release|Any CPU
		{ED1D793C-91C4-4D55-A221-03A3FF2CA61F}.AppStore|Any CPU.ActiveCfg = Release|Any CPU
		{ED1D793C-91C4-4D55-A221-03A3FF2CA61F}.AppStore|Any CPU.Build.0 = Release|Any CPU
		{ED1D793C-91C4-4D55-A221-03A3FF2CA61F}.AppStore|Any CPU.Deploy.0 = Release|Any CPU
		{ED1D793C-91C4-4D55-A221-03A3FF2CA61F}.AppStore|ARM.ActiveCfg = Release|Any CPU
		{ED1D793C-91C4-4D55-A221-03A3FF2CA61F}.AppStore|ARM.Build.0 = Release|Any CPU
		{ED1D793C-91C4-4D55-A221-03A3FF2CA61F}.AppStore|ARM.Deploy.0 = Release|Any CPU
		{ED1D793C-91C4-4D55-A221-03A3FF2CA61F}.AppStore|ARM64.ActiveCfg = Release|Any CPU
		{ED1D793C-91C4-4D55-A221-03A3FF2CA61F}.AppStore|ARM64.Build.0 = Release|Any CPU
		{ED1D793C-91C4-4D55-A221-03A3FF2CA61F}.AppStore|ARM64.Deploy.0 = Release|Any CPU
		{ED1D793C-91C4-4D55-A221-03A3FF2CA61F}.AppStore|iPhone.ActiveCfg = Release|Any CPU
		{ED1D793C-91C4-4D55-A221-03A3FF2CA61F}.AppStore|iPhone.Build.0 = Release|Any CPU
		{ED1D793C-91C4-4D55-A221-03A3FF2CA61F}.AppStore|iPhone.Deploy.0 = Release|Any CPU
		{ED1D793C-91C4-4D55-A221-03A3FF2CA61F}.AppStore|iPhoneSimulator.ActiveCfg = Release|Any CPU
		{ED1D793C-91C4-4D55-A221-03A3FF2CA61F}.AppStore|iPhoneSimulator.Build.0 = Release|Any CPU
		{ED1D793C-91C4-4D55-A221-03A3FF2CA61F}.AppStore|iPhoneSimulator.Deploy.0 = Release|Any CPU
		{ED1D793C-91C4-4D55-A221-03A3FF2CA61F}.AppStore|x64.ActiveCfg = Release|Any CPU
		{ED1D793C-91C4-4D55-A221-03A3FF2CA61F}.AppStore|x64.Build.0 = Release|Any CPU
		{ED1D793C-91C4-4D55-A221-03A3FF2CA61F}.AppStore|x64.Deploy.0 = Release|Any CPU
		{ED1D793C-91C4-4D55-A221-03A3FF2CA61F}.AppStore|x86.ActiveCfg = Release|Any CPU
		{ED1D793C-91C4-4D55-A221-03A3FF2CA61F}.AppStore|x86.Build.0 = Release|Any CPU
		{ED1D793C-91C4-4D55-A221-03A3FF2CA61F}.AppStore|x86.Deploy.0 = Release|Any CPU
		{ED1D793C-91C4-4D55-A221-03A3FF2CA61F}.Debug|Any CPU.ActiveCfg = Debug|Any CPU
		{ED1D793C-91C4-4D55-A221-03A3FF2CA61F}.Debug|Any CPU.Build.0 = Debug|Any CPU
		{ED1D793C-91C4-4D55-A221-03A3FF2CA61F}.Debug|Any CPU.Deploy.0 = Debug|Any CPU
		{ED1D793C-91C4-4D55-A221-03A3FF2CA61F}.Debug|ARM.ActiveCfg = Debug|Any CPU
		{ED1D793C-91C4-4D55-A221-03A3FF2CA61F}.Debug|ARM.Build.0 = Debug|Any CPU
		{ED1D793C-91C4-4D55-A221-03A3FF2CA61F}.Debug|ARM.Deploy.0 = Debug|Any CPU
		{ED1D793C-91C4-4D55-A221-03A3FF2CA61F}.Debug|ARM64.ActiveCfg = Debug|Any CPU
		{ED1D793C-91C4-4D55-A221-03A3FF2CA61F}.Debug|ARM64.Build.0 = Debug|Any CPU
		{ED1D793C-91C4-4D55-A221-03A3FF2CA61F}.Debug|ARM64.Deploy.0 = Debug|Any CPU
		{ED1D793C-91C4-4D55-A221-03A3FF2CA61F}.Debug|iPhone.ActiveCfg = Debug|Any CPU
		{ED1D793C-91C4-4D55-A221-03A3FF2CA61F}.Debug|iPhone.Build.0 = Debug|Any CPU
		{ED1D793C-91C4-4D55-A221-03A3FF2CA61F}.Debug|iPhone.Deploy.0 = Debug|Any CPU
		{ED1D793C-91C4-4D55-A221-03A3FF2CA61F}.Debug|iPhoneSimulator.ActiveCfg = Debug|Any CPU
		{ED1D793C-91C4-4D55-A221-03A3FF2CA61F}.Debug|iPhoneSimulator.Build.0 = Debug|Any CPU
		{ED1D793C-91C4-4D55-A221-03A3FF2CA61F}.Debug|iPhoneSimulator.Deploy.0 = Debug|Any CPU
		{ED1D793C-91C4-4D55-A221-03A3FF2CA61F}.Debug|x64.ActiveCfg = Debug|Any CPU
		{ED1D793C-91C4-4D55-A221-03A3FF2CA61F}.Debug|x64.Build.0 = Debug|Any CPU
		{ED1D793C-91C4-4D55-A221-03A3FF2CA61F}.Debug|x64.Deploy.0 = Debug|Any CPU
		{ED1D793C-91C4-4D55-A221-03A3FF2CA61F}.Debug|x86.ActiveCfg = Debug|Any CPU
		{ED1D793C-91C4-4D55-A221-03A3FF2CA61F}.Debug|x86.Build.0 = Debug|Any CPU
		{ED1D793C-91C4-4D55-A221-03A3FF2CA61F}.Debug|x86.Deploy.0 = Debug|Any CPU
		{ED1D793C-91C4-4D55-A221-03A3FF2CA61F}.Release|Any CPU.ActiveCfg = Release|Any CPU
		{ED1D793C-91C4-4D55-A221-03A3FF2CA61F}.Release|Any CPU.Build.0 = Release|Any CPU
		{ED1D793C-91C4-4D55-A221-03A3FF2CA61F}.Release|Any CPU.Deploy.0 = Release|Any CPU
		{ED1D793C-91C4-4D55-A221-03A3FF2CA61F}.Release|ARM.ActiveCfg = Release|Any CPU
		{ED1D793C-91C4-4D55-A221-03A3FF2CA61F}.Release|ARM.Build.0 = Release|Any CPU
		{ED1D793C-91C4-4D55-A221-03A3FF2CA61F}.Release|ARM.Deploy.0 = Release|Any CPU
		{ED1D793C-91C4-4D55-A221-03A3FF2CA61F}.Release|ARM64.ActiveCfg = Release|Any CPU
		{ED1D793C-91C4-4D55-A221-03A3FF2CA61F}.Release|ARM64.Build.0 = Release|Any CPU
		{ED1D793C-91C4-4D55-A221-03A3FF2CA61F}.Release|ARM64.Deploy.0 = Release|Any CPU
		{ED1D793C-91C4-4D55-A221-03A3FF2CA61F}.Release|iPhone.ActiveCfg = Release|Any CPU
		{ED1D793C-91C4-4D55-A221-03A3FF2CA61F}.Release|iPhone.Build.0 = Release|Any CPU
		{ED1D793C-91C4-4D55-A221-03A3FF2CA61F}.Release|iPhone.Deploy.0 = Release|Any CPU
		{ED1D793C-91C4-4D55-A221-03A3FF2CA61F}.Release|iPhoneSimulator.ActiveCfg = Release|Any CPU
		{ED1D793C-91C4-4D55-A221-03A3FF2CA61F}.Release|iPhoneSimulator.Build.0 = Release|Any CPU
		{ED1D793C-91C4-4D55-A221-03A3FF2CA61F}.Release|iPhoneSimulator.Deploy.0 = Release|Any CPU
		{ED1D793C-91C4-4D55-A221-03A3FF2CA61F}.Release|x64.ActiveCfg = Release|Any CPU
		{ED1D793C-91C4-4D55-A221-03A3FF2CA61F}.Release|x64.Build.0 = Release|Any CPU
		{ED1D793C-91C4-4D55-A221-03A3FF2CA61F}.Release|x64.Deploy.0 = Release|Any CPU
		{ED1D793C-91C4-4D55-A221-03A3FF2CA61F}.Release|x86.ActiveCfg = Release|Any CPU
		{ED1D793C-91C4-4D55-A221-03A3FF2CA61F}.Release|x86.Build.0 = Release|Any CPU
		{ED1D793C-91C4-4D55-A221-03A3FF2CA61F}.Release|x86.Deploy.0 = Release|Any CPU
		{05835682-1045-427A-8E38-02F3CA629E59}.Ad-Hoc|Any CPU.ActiveCfg = Ad-Hoc|iPhone
		{05835682-1045-427A-8E38-02F3CA629E59}.Ad-Hoc|ARM.ActiveCfg = Ad-Hoc|iPhone
		{05835682-1045-427A-8E38-02F3CA629E59}.Ad-Hoc|ARM64.ActiveCfg = Ad-Hoc|iPhone
		{05835682-1045-427A-8E38-02F3CA629E59}.Ad-Hoc|iPhone.ActiveCfg = Ad-Hoc|iPhone
		{05835682-1045-427A-8E38-02F3CA629E59}.Ad-Hoc|iPhone.Build.0 = Ad-Hoc|iPhone
		{05835682-1045-427A-8E38-02F3CA629E59}.Ad-Hoc|iPhoneSimulator.ActiveCfg = Ad-Hoc|iPhoneSimulator
		{05835682-1045-427A-8E38-02F3CA629E59}.Ad-Hoc|iPhoneSimulator.Build.0 = Ad-Hoc|iPhoneSimulator
		{05835682-1045-427A-8E38-02F3CA629E59}.Ad-Hoc|x64.ActiveCfg = Ad-Hoc|iPhone
		{05835682-1045-427A-8E38-02F3CA629E59}.Ad-Hoc|x86.ActiveCfg = Ad-Hoc|iPhone
		{05835682-1045-427A-8E38-02F3CA629E59}.AppStore|Any CPU.ActiveCfg = AppStore|iPhone
		{05835682-1045-427A-8E38-02F3CA629E59}.AppStore|ARM.ActiveCfg = AppStore|iPhone
		{05835682-1045-427A-8E38-02F3CA629E59}.AppStore|ARM64.ActiveCfg = AppStore|iPhone
		{05835682-1045-427A-8E38-02F3CA629E59}.AppStore|iPhone.ActiveCfg = AppStore|iPhone
		{05835682-1045-427A-8E38-02F3CA629E59}.AppStore|iPhone.Build.0 = AppStore|iPhone
		{05835682-1045-427A-8E38-02F3CA629E59}.AppStore|iPhoneSimulator.ActiveCfg = AppStore|iPhoneSimulator
		{05835682-1045-427A-8E38-02F3CA629E59}.AppStore|iPhoneSimulator.Build.0 = AppStore|iPhoneSimulator
		{05835682-1045-427A-8E38-02F3CA629E59}.AppStore|x64.ActiveCfg = AppStore|iPhone
		{05835682-1045-427A-8E38-02F3CA629E59}.AppStore|x86.ActiveCfg = AppStore|iPhone
		{05835682-1045-427A-8E38-02F3CA629E59}.Debug|Any CPU.ActiveCfg = Debug|iPhone
		{05835682-1045-427A-8E38-02F3CA629E59}.Debug|ARM.ActiveCfg = Debug|iPhone
		{05835682-1045-427A-8E38-02F3CA629E59}.Debug|ARM64.ActiveCfg = Debug|iPhone
		{05835682-1045-427A-8E38-02F3CA629E59}.Debug|iPhone.ActiveCfg = Debug|iPhone
		{05835682-1045-427A-8E38-02F3CA629E59}.Debug|iPhone.Build.0 = Debug|iPhone
		{05835682-1045-427A-8E38-02F3CA629E59}.Debug|iPhoneSimulator.ActiveCfg = Debug|iPhoneSimulator
		{05835682-1045-427A-8E38-02F3CA629E59}.Debug|iPhoneSimulator.Build.0 = Debug|iPhoneSimulator
		{05835682-1045-427A-8E38-02F3CA629E59}.Debug|x64.ActiveCfg = Debug|iPhone
		{05835682-1045-427A-8E38-02F3CA629E59}.Debug|x86.ActiveCfg = Debug|iPhone
		{05835682-1045-427A-8E38-02F3CA629E59}.Release|Any CPU.ActiveCfg = Release|iPhone
		{05835682-1045-427A-8E38-02F3CA629E59}.Release|ARM.ActiveCfg = Release|iPhone
		{05835682-1045-427A-8E38-02F3CA629E59}.Release|ARM64.ActiveCfg = Release|iPhone
		{05835682-1045-427A-8E38-02F3CA629E59}.Release|iPhone.ActiveCfg = Release|iPhone
		{05835682-1045-427A-8E38-02F3CA629E59}.Release|iPhone.Build.0 = Release|iPhone
		{05835682-1045-427A-8E38-02F3CA629E59}.Release|iPhoneSimulator.ActiveCfg = Release|iPhoneSimulator
		{05835682-1045-427A-8E38-02F3CA629E59}.Release|iPhoneSimulator.Build.0 = Release|iPhoneSimulator
		{05835682-1045-427A-8E38-02F3CA629E59}.Release|x64.ActiveCfg = Release|iPhone
		{05835682-1045-427A-8E38-02F3CA629E59}.Release|x86.ActiveCfg = Release|iPhone
		{55720CAE-3638-487D-B57E-33D3563F7F91}.Ad-Hoc|Any CPU.ActiveCfg = Release|x64
		{55720CAE-3638-487D-B57E-33D3563F7F91}.Ad-Hoc|Any CPU.Build.0 = Release|x64
		{55720CAE-3638-487D-B57E-33D3563F7F91}.Ad-Hoc|Any CPU.Deploy.0 = Release|x64
		{55720CAE-3638-487D-B57E-33D3563F7F91}.Ad-Hoc|ARM.ActiveCfg = Release|ARM
		{55720CAE-3638-487D-B57E-33D3563F7F91}.Ad-Hoc|ARM.Build.0 = Release|ARM
		{55720CAE-3638-487D-B57E-33D3563F7F91}.Ad-Hoc|ARM.Deploy.0 = Release|ARM
		{55720CAE-3638-487D-B57E-33D3563F7F91}.Ad-Hoc|ARM64.ActiveCfg = Release|ARM64
		{55720CAE-3638-487D-B57E-33D3563F7F91}.Ad-Hoc|ARM64.Build.0 = Release|ARM64
		{55720CAE-3638-487D-B57E-33D3563F7F91}.Ad-Hoc|ARM64.Deploy.0 = Release|ARM64
		{55720CAE-3638-487D-B57E-33D3563F7F91}.Ad-Hoc|iPhone.ActiveCfg = Release|x64
		{55720CAE-3638-487D-B57E-33D3563F7F91}.Ad-Hoc|iPhone.Build.0 = Release|x64
		{55720CAE-3638-487D-B57E-33D3563F7F91}.Ad-Hoc|iPhone.Deploy.0 = Release|x64
		{55720CAE-3638-487D-B57E-33D3563F7F91}.Ad-Hoc|iPhoneSimulator.ActiveCfg = Release|x64
		{55720CAE-3638-487D-B57E-33D3563F7F91}.Ad-Hoc|iPhoneSimulator.Build.0 = Release|x64
		{55720CAE-3638-487D-B57E-33D3563F7F91}.Ad-Hoc|iPhoneSimulator.Deploy.0 = Release|x64
		{55720CAE-3638-487D-B57E-33D3563F7F91}.Ad-Hoc|x64.ActiveCfg = Release|x64
		{55720CAE-3638-487D-B57E-33D3563F7F91}.Ad-Hoc|x64.Build.0 = Release|x64
		{55720CAE-3638-487D-B57E-33D3563F7F91}.Ad-Hoc|x64.Deploy.0 = Release|x64
		{55720CAE-3638-487D-B57E-33D3563F7F91}.Ad-Hoc|x86.ActiveCfg = Release|x86
		{55720CAE-3638-487D-B57E-33D3563F7F91}.Ad-Hoc|x86.Build.0 = Release|x86
		{55720CAE-3638-487D-B57E-33D3563F7F91}.Ad-Hoc|x86.Deploy.0 = Release|x86
		{55720CAE-3638-487D-B57E-33D3563F7F91}.AppStore|Any CPU.ActiveCfg = Release|x64
		{55720CAE-3638-487D-B57E-33D3563F7F91}.AppStore|Any CPU.Build.0 = Release|x64
		{55720CAE-3638-487D-B57E-33D3563F7F91}.AppStore|Any CPU.Deploy.0 = Release|x64
		{55720CAE-3638-487D-B57E-33D3563F7F91}.AppStore|ARM.ActiveCfg = Release|ARM
		{55720CAE-3638-487D-B57E-33D3563F7F91}.AppStore|ARM.Build.0 = Release|ARM
		{55720CAE-3638-487D-B57E-33D3563F7F91}.AppStore|ARM.Deploy.0 = Release|ARM
		{55720CAE-3638-487D-B57E-33D3563F7F91}.AppStore|ARM64.ActiveCfg = Release|ARM64
		{55720CAE-3638-487D-B57E-33D3563F7F91}.AppStore|ARM64.Build.0 = Release|ARM64
		{55720CAE-3638-487D-B57E-33D3563F7F91}.AppStore|ARM64.Deploy.0 = Release|ARM64
		{55720CAE-3638-487D-B57E-33D3563F7F91}.AppStore|iPhone.ActiveCfg = Release|x64
		{55720CAE-3638-487D-B57E-33D3563F7F91}.AppStore|iPhone.Build.0 = Release|x64
		{55720CAE-3638-487D-B57E-33D3563F7F91}.AppStore|iPhone.Deploy.0 = Release|x64
		{55720CAE-3638-487D-B57E-33D3563F7F91}.AppStore|iPhoneSimulator.ActiveCfg = Release|x64
		{55720CAE-3638-487D-B57E-33D3563F7F91}.AppStore|iPhoneSimulator.Build.0 = Release|x64
		{55720CAE-3638-487D-B57E-33D3563F7F91}.AppStore|iPhoneSimulator.Deploy.0 = Release|x64
		{55720CAE-3638-487D-B57E-33D3563F7F91}.AppStore|x64.ActiveCfg = Release|x64
		{55720CAE-3638-487D-B57E-33D3563F7F91}.AppStore|x64.Build.0 = Release|x64
		{55720CAE-3638-487D-B57E-33D3563F7F91}.AppStore|x64.Deploy.0 = Release|x64
		{55720CAE-3638-487D-B57E-33D3563F7F91}.AppStore|x86.ActiveCfg = Release|x86
		{55720CAE-3638-487D-B57E-33D3563F7F91}.AppStore|x86.Build.0 = Release|x86
		{55720CAE-3638-487D-B57E-33D3563F7F91}.AppStore|x86.Deploy.0 = Release|x86
		{55720CAE-3638-487D-B57E-33D3563F7F91}.Debug|Any CPU.ActiveCfg = Debug|x86
		{55720CAE-3638-487D-B57E-33D3563F7F91}.Debug|ARM.ActiveCfg = Debug|ARM
		{55720CAE-3638-487D-B57E-33D3563F7F91}.Debug|ARM.Build.0 = Debug|ARM
		{55720CAE-3638-487D-B57E-33D3563F7F91}.Debug|ARM.Deploy.0 = Debug|ARM
		{55720CAE-3638-487D-B57E-33D3563F7F91}.Debug|ARM64.ActiveCfg = Debug|ARM64
		{55720CAE-3638-487D-B57E-33D3563F7F91}.Debug|ARM64.Build.0 = Debug|ARM64
		{55720CAE-3638-487D-B57E-33D3563F7F91}.Debug|ARM64.Deploy.0 = Debug|ARM64
		{55720CAE-3638-487D-B57E-33D3563F7F91}.Debug|iPhone.ActiveCfg = Debug|x86
		{55720CAE-3638-487D-B57E-33D3563F7F91}.Debug|iPhoneSimulator.ActiveCfg = Debug|x86
		{55720CAE-3638-487D-B57E-33D3563F7F91}.Debug|x64.ActiveCfg = Debug|x64
		{55720CAE-3638-487D-B57E-33D3563F7F91}.Debug|x64.Build.0 = Debug|x64
		{55720CAE-3638-487D-B57E-33D3563F7F91}.Debug|x64.Deploy.0 = Debug|x64
		{55720CAE-3638-487D-B57E-33D3563F7F91}.Debug|x86.ActiveCfg = Debug|x86
		{55720CAE-3638-487D-B57E-33D3563F7F91}.Debug|x86.Build.0 = Debug|x86
		{55720CAE-3638-487D-B57E-33D3563F7F91}.Debug|x86.Deploy.0 = Debug|x86
		{55720CAE-3638-487D-B57E-33D3563F7F91}.Release|Any CPU.ActiveCfg = Release|x86
		{55720CAE-3638-487D-B57E-33D3563F7F91}.Release|ARM.ActiveCfg = Release|ARM
		{55720CAE-3638-487D-B57E-33D3563F7F91}.Release|ARM.Build.0 = Release|ARM
		{55720CAE-3638-487D-B57E-33D3563F7F91}.Release|ARM.Deploy.0 = Release|ARM
		{55720CAE-3638-487D-B57E-33D3563F7F91}.Release|ARM64.ActiveCfg = Release|ARM64
		{55720CAE-3638-487D-B57E-33D3563F7F91}.Release|ARM64.Build.0 = Release|ARM64
		{55720CAE-3638-487D-B57E-33D3563F7F91}.Release|ARM64.Deploy.0 = Release|ARM64
		{55720CAE-3638-487D-B57E-33D3563F7F91}.Release|iPhone.ActiveCfg = Release|x86
		{55720CAE-3638-487D-B57E-33D3563F7F91}.Release|iPhoneSimulator.ActiveCfg = Release|x86
		{55720CAE-3638-487D-B57E-33D3563F7F91}.Release|x64.ActiveCfg = Release|x64
		{55720CAE-3638-487D-B57E-33D3563F7F91}.Release|x64.Build.0 = Release|x64
		{55720CAE-3638-487D-B57E-33D3563F7F91}.Release|x64.Deploy.0 = Release|x64
		{55720CAE-3638-487D-B57E-33D3563F7F91}.Release|x86.ActiveCfg = Release|x86
		{55720CAE-3638-487D-B57E-33D3563F7F91}.Release|x86.Build.0 = Release|x86
		{55720CAE-3638-487D-B57E-33D3563F7F91}.Release|x86.Deploy.0 = Release|x86
		{8D7E4E97-26EC-4565-A4DA-2F2B2026F1C9}.Ad-Hoc|Any CPU.ActiveCfg = Debug|Any CPU
		{8D7E4E97-26EC-4565-A4DA-2F2B2026F1C9}.Ad-Hoc|Any CPU.Build.0 = Debug|Any CPU
		{8D7E4E97-26EC-4565-A4DA-2F2B2026F1C9}.Ad-Hoc|ARM.ActiveCfg = Debug|Any CPU
		{8D7E4E97-26EC-4565-A4DA-2F2B2026F1C9}.Ad-Hoc|ARM.Build.0 = Debug|Any CPU
		{8D7E4E97-26EC-4565-A4DA-2F2B2026F1C9}.Ad-Hoc|ARM64.ActiveCfg = Debug|Any CPU
		{8D7E4E97-26EC-4565-A4DA-2F2B2026F1C9}.Ad-Hoc|ARM64.Build.0 = Debug|Any CPU
		{8D7E4E97-26EC-4565-A4DA-2F2B2026F1C9}.Ad-Hoc|iPhone.ActiveCfg = Debug|Any CPU
		{8D7E4E97-26EC-4565-A4DA-2F2B2026F1C9}.Ad-Hoc|iPhone.Build.0 = Debug|Any CPU
		{8D7E4E97-26EC-4565-A4DA-2F2B2026F1C9}.Ad-Hoc|iPhoneSimulator.ActiveCfg = Debug|Any CPU
		{8D7E4E97-26EC-4565-A4DA-2F2B2026F1C9}.Ad-Hoc|iPhoneSimulator.Build.0 = Debug|Any CPU
		{8D7E4E97-26EC-4565-A4DA-2F2B2026F1C9}.Ad-Hoc|x64.ActiveCfg = Debug|Any CPU
		{8D7E4E97-26EC-4565-A4DA-2F2B2026F1C9}.Ad-Hoc|x64.Build.0 = Debug|Any CPU
		{8D7E4E97-26EC-4565-A4DA-2F2B2026F1C9}.Ad-Hoc|x86.ActiveCfg = Debug|Any CPU
		{8D7E4E97-26EC-4565-A4DA-2F2B2026F1C9}.Ad-Hoc|x86.Build.0 = Debug|Any CPU
		{8D7E4E97-26EC-4565-A4DA-2F2B2026F1C9}.AppStore|Any CPU.ActiveCfg = Debug|Any CPU
		{8D7E4E97-26EC-4565-A4DA-2F2B2026F1C9}.AppStore|Any CPU.Build.0 = Debug|Any CPU
		{8D7E4E97-26EC-4565-A4DA-2F2B2026F1C9}.AppStore|ARM.ActiveCfg = Debug|Any CPU
		{8D7E4E97-26EC-4565-A4DA-2F2B2026F1C9}.AppStore|ARM.Build.0 = Debug|Any CPU
		{8D7E4E97-26EC-4565-A4DA-2F2B2026F1C9}.AppStore|ARM64.ActiveCfg = Debug|Any CPU
		{8D7E4E97-26EC-4565-A4DA-2F2B2026F1C9}.AppStore|ARM64.Build.0 = Debug|Any CPU
		{8D7E4E97-26EC-4565-A4DA-2F2B2026F1C9}.AppStore|iPhone.ActiveCfg = Debug|Any CPU
		{8D7E4E97-26EC-4565-A4DA-2F2B2026F1C9}.AppStore|iPhone.Build.0 = Debug|Any CPU
		{8D7E4E97-26EC-4565-A4DA-2F2B2026F1C9}.AppStore|iPhoneSimulator.ActiveCfg = Debug|Any CPU
		{8D7E4E97-26EC-4565-A4DA-2F2B2026F1C9}.AppStore|iPhoneSimulator.Build.0 = Debug|Any CPU
		{8D7E4E97-26EC-4565-A4DA-2F2B2026F1C9}.AppStore|x64.ActiveCfg = Debug|Any CPU
		{8D7E4E97-26EC-4565-A4DA-2F2B2026F1C9}.AppStore|x64.Build.0 = Debug|Any CPU
		{8D7E4E97-26EC-4565-A4DA-2F2B2026F1C9}.AppStore|x86.ActiveCfg = Debug|Any CPU
		{8D7E4E97-26EC-4565-A4DA-2F2B2026F1C9}.AppStore|x86.Build.0 = Debug|Any CPU
		{8D7E4E97-26EC-4565-A4DA-2F2B2026F1C9}.Debug|Any CPU.ActiveCfg = Debug|Any CPU
		{8D7E4E97-26EC-4565-A4DA-2F2B2026F1C9}.Debug|Any CPU.Build.0 = Debug|Any CPU
		{8D7E4E97-26EC-4565-A4DA-2F2B2026F1C9}.Debug|ARM.ActiveCfg = Debug|Any CPU
		{8D7E4E97-26EC-4565-A4DA-2F2B2026F1C9}.Debug|ARM.Build.0 = Debug|Any CPU
		{8D7E4E97-26EC-4565-A4DA-2F2B2026F1C9}.Debug|ARM64.ActiveCfg = Debug|Any CPU
		{8D7E4E97-26EC-4565-A4DA-2F2B2026F1C9}.Debug|ARM64.Build.0 = Debug|Any CPU
		{8D7E4E97-26EC-4565-A4DA-2F2B2026F1C9}.Debug|iPhone.ActiveCfg = Debug|Any CPU
		{8D7E4E97-26EC-4565-A4DA-2F2B2026F1C9}.Debug|iPhone.Build.0 = Debug|Any CPU
		{8D7E4E97-26EC-4565-A4DA-2F2B2026F1C9}.Debug|iPhoneSimulator.ActiveCfg = Debug|Any CPU
		{8D7E4E97-26EC-4565-A4DA-2F2B2026F1C9}.Debug|iPhoneSimulator.Build.0 = Debug|Any CPU
		{8D7E4E97-26EC-4565-A4DA-2F2B2026F1C9}.Debug|x64.ActiveCfg = Debug|Any CPU
		{8D7E4E97-26EC-4565-A4DA-2F2B2026F1C9}.Debug|x64.Build.0 = Debug|Any CPU
		{8D7E4E97-26EC-4565-A4DA-2F2B2026F1C9}.Debug|x86.ActiveCfg = Debug|Any CPU
		{8D7E4E97-26EC-4565-A4DA-2F2B2026F1C9}.Debug|x86.Build.0 = Debug|Any CPU
		{8D7E4E97-26EC-4565-A4DA-2F2B2026F1C9}.Release|Any CPU.ActiveCfg = Release|Any CPU
		{8D7E4E97-26EC-4565-A4DA-2F2B2026F1C9}.Release|Any CPU.Build.0 = Release|Any CPU
		{8D7E4E97-26EC-4565-A4DA-2F2B2026F1C9}.Release|ARM.ActiveCfg = Release|Any CPU
		{8D7E4E97-26EC-4565-A4DA-2F2B2026F1C9}.Release|ARM.Build.0 = Release|Any CPU
		{8D7E4E97-26EC-4565-A4DA-2F2B2026F1C9}.Release|ARM64.ActiveCfg = Release|Any CPU
		{8D7E4E97-26EC-4565-A4DA-2F2B2026F1C9}.Release|ARM64.Build.0 = Release|Any CPU
		{8D7E4E97-26EC-4565-A4DA-2F2B2026F1C9}.Release|iPhone.ActiveCfg = Release|Any CPU
		{8D7E4E97-26EC-4565-A4DA-2F2B2026F1C9}.Release|iPhone.Build.0 = Release|Any CPU
		{8D7E4E97-26EC-4565-A4DA-2F2B2026F1C9}.Release|iPhoneSimulator.ActiveCfg = Release|Any CPU
		{8D7E4E97-26EC-4565-A4DA-2F2B2026F1C9}.Release|iPhoneSimulator.Build.0 = Release|Any CPU
		{8D7E4E97-26EC-4565-A4DA-2F2B2026F1C9}.Release|x64.ActiveCfg = Release|Any CPU
		{8D7E4E97-26EC-4565-A4DA-2F2B2026F1C9}.Release|x64.Build.0 = Release|Any CPU
		{8D7E4E97-26EC-4565-A4DA-2F2B2026F1C9}.Release|x86.ActiveCfg = Release|Any CPU
		{8D7E4E97-26EC-4565-A4DA-2F2B2026F1C9}.Release|x86.Build.0 = Release|Any CPU
		{BE952161-F1F3-4E4E-9ED6-EF921DA3742D}.Ad-Hoc|Any CPU.ActiveCfg = Release|iPhoneSimulator
		{BE952161-F1F3-4E4E-9ED6-EF921DA3742D}.Ad-Hoc|Any CPU.Build.0 = Release|iPhoneSimulator
		{BE952161-F1F3-4E4E-9ED6-EF921DA3742D}.Ad-Hoc|ARM.ActiveCfg = Release|iPhoneSimulator
		{BE952161-F1F3-4E4E-9ED6-EF921DA3742D}.Ad-Hoc|ARM.Build.0 = Release|iPhoneSimulator
		{BE952161-F1F3-4E4E-9ED6-EF921DA3742D}.Ad-Hoc|ARM64.ActiveCfg = Release|iPhoneSimulator
		{BE952161-F1F3-4E4E-9ED6-EF921DA3742D}.Ad-Hoc|ARM64.Build.0 = Release|iPhoneSimulator
		{BE952161-F1F3-4E4E-9ED6-EF921DA3742D}.Ad-Hoc|iPhone.ActiveCfg = Release|iPhoneSimulator
		{BE952161-F1F3-4E4E-9ED6-EF921DA3742D}.Ad-Hoc|iPhone.Build.0 = Release|iPhoneSimulator
		{BE952161-F1F3-4E4E-9ED6-EF921DA3742D}.Ad-Hoc|iPhoneSimulator.ActiveCfg = Release|iPhoneSimulator
		{BE952161-F1F3-4E4E-9ED6-EF921DA3742D}.Ad-Hoc|iPhoneSimulator.Build.0 = Release|iPhoneSimulator
		{BE952161-F1F3-4E4E-9ED6-EF921DA3742D}.Ad-Hoc|x64.ActiveCfg = Release|iPhoneSimulator
		{BE952161-F1F3-4E4E-9ED6-EF921DA3742D}.Ad-Hoc|x64.Build.0 = Release|iPhoneSimulator
		{BE952161-F1F3-4E4E-9ED6-EF921DA3742D}.Ad-Hoc|x86.ActiveCfg = Release|iPhoneSimulator
		{BE952161-F1F3-4E4E-9ED6-EF921DA3742D}.Ad-Hoc|x86.Build.0 = Release|iPhoneSimulator
		{BE952161-F1F3-4E4E-9ED6-EF921DA3742D}.AppStore|Any CPU.ActiveCfg = Release|iPhoneSimulator
		{BE952161-F1F3-4E4E-9ED6-EF921DA3742D}.AppStore|Any CPU.Build.0 = Release|iPhoneSimulator
		{BE952161-F1F3-4E4E-9ED6-EF921DA3742D}.AppStore|ARM.ActiveCfg = Release|iPhoneSimulator
		{BE952161-F1F3-4E4E-9ED6-EF921DA3742D}.AppStore|ARM.Build.0 = Release|iPhoneSimulator
		{BE952161-F1F3-4E4E-9ED6-EF921DA3742D}.AppStore|ARM64.ActiveCfg = Release|iPhoneSimulator
		{BE952161-F1F3-4E4E-9ED6-EF921DA3742D}.AppStore|ARM64.Build.0 = Release|iPhoneSimulator
		{BE952161-F1F3-4E4E-9ED6-EF921DA3742D}.AppStore|iPhone.ActiveCfg = Release|iPhoneSimulator
		{BE952161-F1F3-4E4E-9ED6-EF921DA3742D}.AppStore|iPhone.Build.0 = Release|iPhoneSimulator
		{BE952161-F1F3-4E4E-9ED6-EF921DA3742D}.AppStore|iPhoneSimulator.ActiveCfg = Release|iPhoneSimulator
		{BE952161-F1F3-4E4E-9ED6-EF921DA3742D}.AppStore|iPhoneSimulator.Build.0 = Release|iPhoneSimulator
		{BE952161-F1F3-4E4E-9ED6-EF921DA3742D}.AppStore|x64.ActiveCfg = Release|iPhoneSimulator
		{BE952161-F1F3-4E4E-9ED6-EF921DA3742D}.AppStore|x64.Build.0 = Release|iPhoneSimulator
		{BE952161-F1F3-4E4E-9ED6-EF921DA3742D}.AppStore|x86.ActiveCfg = Release|iPhoneSimulator
		{BE952161-F1F3-4E4E-9ED6-EF921DA3742D}.AppStore|x86.Build.0 = Release|iPhoneSimulator
		{BE952161-F1F3-4E4E-9ED6-EF921DA3742D}.Debug|Any CPU.ActiveCfg = Debug|iPhoneSimulator
		{BE952161-F1F3-4E4E-9ED6-EF921DA3742D}.Debug|ARM.ActiveCfg = Debug|iPhoneSimulator
		{BE952161-F1F3-4E4E-9ED6-EF921DA3742D}.Debug|ARM64.ActiveCfg = Debug|iPhoneSimulator
		{BE952161-F1F3-4E4E-9ED6-EF921DA3742D}.Debug|iPhone.ActiveCfg = Debug|iPhoneSimulator
		{BE952161-F1F3-4E4E-9ED6-EF921DA3742D}.Debug|iPhoneSimulator.ActiveCfg = Debug|iPhoneSimulator
		{BE952161-F1F3-4E4E-9ED6-EF921DA3742D}.Debug|iPhoneSimulator.Build.0 = Debug|iPhoneSimulator
		{BE952161-F1F3-4E4E-9ED6-EF921DA3742D}.Debug|x64.ActiveCfg = Debug|iPhoneSimulator
		{BE952161-F1F3-4E4E-9ED6-EF921DA3742D}.Debug|x86.ActiveCfg = Debug|iPhoneSimulator
		{BE952161-F1F3-4E4E-9ED6-EF921DA3742D}.Release|Any CPU.ActiveCfg = Release|iPhoneSimulator
		{BE952161-F1F3-4E4E-9ED6-EF921DA3742D}.Release|ARM.ActiveCfg = Release|iPhoneSimulator
		{BE952161-F1F3-4E4E-9ED6-EF921DA3742D}.Release|ARM64.ActiveCfg = Release|iPhoneSimulator
		{BE952161-F1F3-4E4E-9ED6-EF921DA3742D}.Release|iPhone.ActiveCfg = Release|iPhoneSimulator
		{BE952161-F1F3-4E4E-9ED6-EF921DA3742D}.Release|iPhoneSimulator.ActiveCfg = Release|iPhoneSimulator
		{BE952161-F1F3-4E4E-9ED6-EF921DA3742D}.Release|iPhoneSimulator.Build.0 = Release|iPhoneSimulator
		{BE952161-F1F3-4E4E-9ED6-EF921DA3742D}.Release|x64.ActiveCfg = Release|iPhoneSimulator
		{BE952161-F1F3-4E4E-9ED6-EF921DA3742D}.Release|x86.ActiveCfg = Release|iPhoneSimulator
	EndGlobalSection
	GlobalSection(SolutionProperties) = preSolution
		HideSolutionNode = FALSE
	EndGlobalSection
	GlobalSection(ExtensibilityGlobals) = postSolution
		SolutionGuid = {E7D32576-FD28-4BE6-A3C0-41504828CE6C}
	EndGlobalSection
EndGlobal
